
Microsoft Visual Studio Solution File, Format Version 12.00
# Visual Studio 15
VisualStudioVersion = 15.0.27004.2006
MinimumVisualStudioVersion = 10.0.40219.1
Project("{9A19103F-16F7-4668-BE54-9A1E7A4F7556}") = "SIS.WebServer", "SIS.WebServer\SIS.WebServer.csproj", "{7F06D76A-DA19-4DF9-BECC-9546E8B25A9B}"
EndProject
Project("{9A19103F-16F7-4668-BE54-9A1E7A4F7556}") = "SIS.HTTP", "SIS.HTTP\SIS.HTTP.csproj", "{D9F5B574-2FD2-4A0A-B8D6-49BF547B1151}"
EndProject
Project("{9A19103F-16F7-4668-BE54-9A1E7A4F7556}") = "CakesWebApp", "CakesWebApp\CakesWebApp.csproj", "{AC644135-435E-4496-899C-30E47CB028A5}"
EndProject
Project("{9A19103F-16F7-4668-BE54-9A1E7A4F7556}") = "SIS.MvcFramework", "SIS.MvcFramework\SIS.MvcFramework.csproj", "{69D23BFF-BB21-4773-976B-CC6BDE5487FD}"
EndProject
Project("{9A19103F-16F7-4668-BE54-9A1E7A4F7556}") = "MishMashWebApp", "MishMashWebApp\MishMashWebApp.csproj", "{7205E370-7C18-496E-8BBC-1E3446C756A5}"
EndProject
Project("{FAE04EC0-301F-11D3-BF4B-00C04F79EFBC}") = "ChushkaWebApp", "ChushkaWebApp\ChushkaWebApp.csproj", "{2F036824-50F8-4C27-8089-4A12844A94EE}"
EndProject
Global
	GlobalSection(SolutionConfigurationPlatforms) = preSolution
		Debug|Any CPU = Debug|Any CPU
		Release|Any CPU = Release|Any CPU
	EndGlobalSection
	GlobalSection(ProjectConfigurationPlatforms) = postSolution
		{7F06D76A-DA19-4DF9-BECC-9546E8B25A9B}.Debug|Any CPU.ActiveCfg = Debug|Any CPU
		{7F06D76A-DA19-4DF9-BECC-9546E8B25A9B}.Debug|Any CPU.Build.0 = Debug|Any CPU
		{7F06D76A-DA19-4DF9-BECC-9546E8B25A9B}.Release|Any CPU.ActiveCfg = Release|Any CPU
		{7F06D76A-DA19-4DF9-BECC-9546E8B25A9B}.Release|Any CPU.Build.0 = Release|Any CPU
		{D9F5B574-2FD2-4A0A-B8D6-49BF547B1151}.Debug|Any CPU.ActiveCfg = Debug|Any CPU
		{D9F5B574-2FD2-4A0A-B8D6-49BF547B1151}.Debug|Any CPU.Build.0 = Debug|Any CPU
		{D9F5B574-2FD2-4A0A-B8D6-49BF547B1151}.Release|Any CPU.ActiveCfg = Release|Any CPU
		{D9F5B574-2FD2-4A0A-B8D6-49BF547B1151}.Release|Any CPU.Build.0 = Release|Any CPU
		{AC644135-435E-4496-899C-30E47CB028A5}.Debug|Any CPU.ActiveCfg = Debug|Any CPU
		{AC644135-435E-4496-899C-30E47CB028A5}.Debug|Any CPU.Build.0 = Debug|Any CPU
		{AC644135-435E-4496-899C-30E47CB028A5}.Release|Any CPU.ActiveCfg = Release|Any CPU
		{AC644135-435E-4496-899C-30E47CB028A5}.Release|Any CPU.Build.0 = Release|Any CPU
		{69D23BFF-BB21-4773-976B-CC6BDE5487FD}.Debug|Any CPU.ActiveCfg = Debug|Any CPU
		{69D23BFF-BB21-4773-976B-CC6BDE5487FD}.Debug|Any CPU.Build.0 = Debug|Any CPU
		{69D23BFF-BB21-4773-976B-CC6BDE5487FD}.Release|Any CPU.ActiveCfg = Release|Any CPU
		{69D23BFF-BB21-4773-976B-CC6BDE5487FD}.Release|Any CPU.Build.0 = Release|Any CPU
		{7205E370-7C18-496E-8BBC-1E3446C756A5}.Debug|Any CPU.ActiveCfg = Debug|Any CPU
		{7205E370-7C18-496E-8BBC-1E3446C756A5}.Debug|Any CPU.Build.0 = Debug|Any CPU
		{7205E370-7C18-496E-8BBC-1E3446C756A5}.Release|Any CPU.ActiveCfg = Release|Any CPU
		{7205E370-7C18-496E-8BBC-1E3446C756A5}.Release|Any CPU.Build.0 = Release|Any CPU
		{2F036824-50F8-4C27-8089-4A12844A94EE}.Debug|Any CPU.ActiveCfg = Debug|Any CPU
		{2F036824-50F8-4C27-8089-4A12844A94EE}.Debug|Any CPU.Build.0 = Debug|Any CPU
		{2F036824-50F8-4C27-8089-4A12844A94EE}.Release|Any CPU.ActiveCfg = Release|Any CPU
		{2F036824-50F8-4C27-8089-4A12844A94EE}.Release|Any CPU.Build.0 = Release|Any CPU
	EndGlobalSection
	GlobalSection(SolutionProperties) = preSolution
		HideSolutionNode = FALSE
	EndGlobalSection
	GlobalSection(ExtensibilityGlobals) = postSolution
		SolutionGuid = {964798EB-1705-4BB5-A233-06A8376B732B}
	EndGlobalSection
EndGlobal
